[root]
name = "julia-bench"
version = "0.1.0"
dependencies = [
 "blas 0.15.4 (registry+https://github.com/rust-lang/crates.io-index)",
 "mersenne_twister 1.1.0 (registry+https://github.com/rust-lang/crates.io-index)",
 "num 0.1.39 (registry+https://github.com/rust-lang/crates.io-index)",
 "rand 0.3.15 (registry+https://github.com/rust-lang/crates.io-index)",
]

[[package]]
name = "blas"
version = "0.15.4"
source = "registry+https://github.com/rust-lang/crates.io-index"
dependencies = [
 "blas-sys 0.6.7 (registry+https://github.com/rust-lang/crates.io-index)",
 "libc 0.2.24 (registry+https://github.com/rust-lang/crates.io-index)",
 "num-complex 0.1.38 (registry+https://github.com/rust-lang/crates.io-index)",
]

[[package]]
name = "blas-sys"
version = "0.6.7"
source = "registry+https://github.com/rust-lang/crates.io-index"
dependencies = [
 "libc 0.2.24 (registry+https://github.com/rust-lang/crates.io-index)",
 "openblas-src 0.5.3 (registry+https://github.com/rust-lang/crates.io-index)",
]

[[package]]
name = "libc"
version = "0.2.24"
source = "registry+https://github.com/rust-lang/crates.io-index"

[[package]]
name = "mersenne_twister"
version = "1.1.0"
source = "registry+https://github.com/rust-lang/crates.io-index"
dependencies = [
 "rand 0.3.15 (registry+https://github.com/rust-lang/crates.io-index)",
]

[[package]]
name = "num"
version = "0.1.39"
source = "registry+https://github.com/rust-lang/crates.io-index"
dependencies = [
 "num-bigint 0.1.39 (registry+https://github.com/rust-lang/crates.io-index)",
 "num-complex 0.1.38 (registry+https://github.com/rust-lang/crates.io-index)",
 "num-integer 0.1.34 (registry+https://github.com/rust-lang/crates.io-index)",
 "num-iter 0.1.33 (registry+https://github.com/rust-lang/crates.io-index)",
 "num-rational 0.1.38 (registry+https://github.com/rust-lang/crates.io-index)",
 "num-traits 0.1.39 (registry+https://github.com/rust-lang/crates.io-index)",
]

[[package]]
name = "num-bigint"
version = "0.1.39"
source = "registry+https://github.com/rust-lang/crates.io-index"
dependencies = [
 "num-integer 0.1.34 (registry+https://github.com/rust-lang/crates.io-index)",
 "num-traits 0.1.39 (registry+https://github.com/rust-lang/crates.io-index)",
 "rand 0.3.15 (registry+https://github.com/rust-lang/crates.io-index)",
 "rustc-serialize 0.3.24 (registry+https://github.com/rust-lang/crates.io-index)",
]

[[package]]
name = "num-complex"
version = "0.1.38"
source = "registry+https://github.com/rust-lang/crates.io-index"
dependencies = [
 "num-traits 0.1.39 (registry+https://github.com/rust-lang/crates.io-index)",
 "rustc-serialize 0.3.24 (registry+https://github.com/rust-lang/crates.io-index)",
]

[[package]]
name = "num-integer"
version = "0.1.34"
source = "registry+https://github.com/rust-lang/crates.io-index"
dependencies = [
 "num-traits 0.1.39 (registry+https://github.com/rust-lang/crates.io-index)",
]

[[package]]
name = "num-iter"
version = "0.1.33"
source = "registry+https://github.com/rust-lang/crates.io-index"
dependencies = [
 "num-integer 0.1.34 (registry+https://github.com/rust-lang/crates.io-index)",
 "num-traits 0.1.39 (registry+https://github.com/rust-lang/crates.io-index)",
]

[[package]]
name = "num-rational"
version = "0.1.38"
source = "registry+https://github.com/rust-lang/crates.io-index"
dependencies = [
 "num-bigint 0.1.39 (registry+https://github.com/rust-lang/crates.io-index)",
 "num-integer 0.1.34 (registry+https://github.com/rust-lang/crates.io-index)",
 "num-traits 0.1.39 (registry+https://github.com/rust-lang/crates.io-index)",
 "rustc-serialize 0.3.24 (registry+https://github.com/rust-lang/crates.io-index)",
]

[[package]]
name = "num-traits"
version = "0.1.39"
source = "registry+https://github.com/rust-lang/crates.io-index"

[[package]]
name = "openblas-src"
version = "0.5.3"
source = "registry+https://github.com/rust-lang/crates.io-index"

[[package]]
name = "rand"
version = "0.3.15"
source = "registry+https://github.com/rust-lang/crates.io-index"
dependencies = [
 "libc 0.2.24 (registry+https://github.com/rust-lang/crates.io-index)",
]

[[package]]
name = "rustc-serialize"
version = "0.3.24"
source = "registry+https://github.com/rust-lang/crates.io-index"

[metadata]
"checksum blas 0.15.4 (registry+https://github.com/rust-lang/crates.io-index)" = "5eb258fe599f994e73fdc6d2992f65b6f5c0d53a8a1ded01b5f534c8ce863b1b"
"checksum blas-sys 0.6.7 (registry+https://github.com/rust-lang/crates.io-index)" = "0dbb0aa755ad397cfcfb82ce50edcdf4f93eacc2697fc40f9723354d616d97d7"
"checksum libc 0.2.24 (registry+https://github.com/rust-lang/crates.io-index)" = "38f5c2b18a287cf78b4097db62e20f43cace381dc76ae5c0a3073067f78b7ddc"
"checksum mersenne_twister 1.1.0 (registry+https://github.com/rust-lang/crates.io-index)" = "53c37a7b59c9c4b899cb52f7f7d92b7459bc62b2e3df1e7f57319a0b4a1eab8c"
"checksum num 0.1.39 (registry+https://github.com/rust-lang/crates.io-index)" = "2c3a3dc9f30bf824141521b30c908a859ab190b76e20435fcd89f35eb6583887"
"checksum num-bigint 0.1.39 (registry+https://github.com/rust-lang/crates.io-index)" = "6361748d02e5291c72a422dc8ed4d8464a80cb1e618971f6fffe6d52d97e3286"
"checksum num-complex 0.1.38 (registry+https://github.com/rust-lang/crates.io-index)" = "412dfc143c56579aa6a22c574e38ddbf724522f1280ae2b257498cccff3fb6af"
"checksum num-integer 0.1.34 (registry+https://github.com/rust-lang/crates.io-index)" = "ef1a4bf6f9174aa5783a9b4cc892cacd11aebad6c69ad027a0b65c6ca5f8aa37"
"checksum num-iter 0.1.33 (registry+https://github.com/rust-lang/crates.io-index)" = "f7d1891bd7b936f12349b7d1403761c8a0b85a18b148e9da4429d5d102c1a41e"
"checksum num-rational 0.1.38 (registry+https://github.com/rust-lang/crates.io-index)" = "33c881e104a26e1accc09449374c095ff2312c8e0c27fab7bbefe16eac7c776d"
"checksum num-traits 0.1.39 (registry+https://github.com/rust-lang/crates.io-index)" = "1708c0628602a98b52fad936cf3edb9a107af06e52e49fdf0707e884456a6af6"
"checksum openblas-src 0.5.3 (registry+https://github.com/rust-lang/crates.io-index)" = "6a83675723211745cf3b08eedf276a7b7b4c6d58f9a2b41cb06a9164329e0b89"
"checksum rand 0.3.15 (registry+https://github.com/rust-lang/crates.io-index)" = "022e0636ec2519ddae48154b028864bdce4eaf7d35226ab8e65c611be97b189d"
"checksum rustc-serialize 0.3.24 (registry+https://github.com/rust-lang/crates.io-index)" = "dcf128d1287d2ea9d80910b5f1120d0b8eede3fbf1abe91c40d39ea7d51e6fda"
