[[package]]
name = "bitflags"
version = "0.7.0"
source = "registry+https://github.com/rust-lang/crates.io-index"

[[package]]
name = "blas"
version = "0.18.1"
source = "registry+https://github.com/rust-lang/crates.io-index"
dependencies = [
 "blas-sys 0.6.9 (registry+https://github.com/rust-lang/crates.io-index)",
 "libc 0.2.32 (registry+https://github.com/rust-lang/crates.io-index)",
 "num-complex 0.1.40 (registry+https://github.com/rust-lang/crates.io-index)",
]

[[package]]
name = "blas-sys"
version = "0.6.9"
source = "registry+https://github.com/rust-lang/crates.io-index"
dependencies = [
 "libc 0.2.32 (registry+https://github.com/rust-lang/crates.io-index)",
 "openblas-src 0.5.4 (registry+https://github.com/rust-lang/crates.io-index)",
]

[[package]]
name = "either"
version = "1.3.0"
source = "registry+https://github.com/rust-lang/crates.io-index"

[[package]]
name = "fuchsia-zircon"
version = "0.2.1"
source = "registry+https://github.com/rust-lang/crates.io-index"
dependencies = [
 "fuchsia-zircon-sys 0.2.0 (registry+https://github.com/rust-lang/crates.io-index)",
]

[[package]]
name = "fuchsia-zircon-sys"
version = "0.2.0"
source = "registry+https://github.com/rust-lang/crates.io-index"
dependencies = [
 "bitflags 0.7.0 (registry+https://github.com/rust-lang/crates.io-index)",
]

[[package]]
name = "itertools"
version = "0.7.1"
source = "registry+https://github.com/rust-lang/crates.io-index"
dependencies = [
 "either 1.3.0 (registry+https://github.com/rust-lang/crates.io-index)",
]

[[package]]
name = "julia-bench"
version = "0.1.0"
dependencies = [
 "blas 0.18.1 (registry+https://github.com/rust-lang/crates.io-index)",
 "blas-sys 0.6.9 (registry+https://github.com/rust-lang/crates.io-index)",
 "itertools 0.7.1 (registry+https://github.com/rust-lang/crates.io-index)",
 "mersenne_twister 1.1.0 (registry+https://github.com/rust-lang/crates.io-index)",
 "ndarray 0.10.12 (registry+https://github.com/rust-lang/crates.io-index)",
 "num 0.1.40 (registry+https://github.com/rust-lang/crates.io-index)",
 "rand 0.3.17 (registry+https://github.com/rust-lang/crates.io-index)",
]

[[package]]
name = "libc"
version = "0.2.32"
source = "registry+https://github.com/rust-lang/crates.io-index"

[[package]]
name = "matrixmultiply"
version = "0.1.13"
source = "registry+https://github.com/rust-lang/crates.io-index"
dependencies = [
 "rawpointer 0.1.0 (registry+https://github.com/rust-lang/crates.io-index)",
]

[[package]]
name = "mersenne_twister"
version = "1.1.0"
source = "registry+https://github.com/rust-lang/crates.io-index"
dependencies = [
 "rand 0.3.17 (registry+https://github.com/rust-lang/crates.io-index)",
]

[[package]]
name = "ndarray"
version = "0.10.12"
source = "registry+https://github.com/rust-lang/crates.io-index"
dependencies = [
 "blas-sys 0.6.9 (registry+https://github.com/rust-lang/crates.io-index)",
 "itertools 0.7.1 (registry+https://github.com/rust-lang/crates.io-index)",
 "matrixmultiply 0.1.13 (registry+https://github.com/rust-lang/crates.io-index)",
 "num-complex 0.1.40 (registry+https://github.com/rust-lang/crates.io-index)",
 "num-traits 0.1.40 (registry+https://github.com/rust-lang/crates.io-index)",
]

[[package]]
name = "num"
version = "0.1.40"
source = "registry+https://github.com/rust-lang/crates.io-index"
dependencies = [
 "num-bigint 0.1.40 (registry+https://github.com/rust-lang/crates.io-index)",
 "num-complex 0.1.40 (registry+https://github.com/rust-lang/crates.io-index)",
 "num-integer 0.1.35 (registry+https://github.com/rust-lang/crates.io-index)",
 "num-iter 0.1.34 (registry+https://github.com/rust-lang/crates.io-index)",
 "num-rational 0.1.39 (registry+https://github.com/rust-lang/crates.io-index)",
 "num-traits 0.1.40 (registry+https://github.com/rust-lang/crates.io-index)",
]

[[package]]
name = "num-bigint"
version = "0.1.40"
source = "registry+https://github.com/rust-lang/crates.io-index"
dependencies = [
 "num-integer 0.1.35 (registry+https://github.com/rust-lang/crates.io-index)",
 "num-traits 0.1.40 (registry+https://github.com/rust-lang/crates.io-index)",
 "rand 0.3.17 (registry+https://github.com/rust-lang/crates.io-index)",
 "rustc-serialize 0.3.24 (registry+https://github.com/rust-lang/crates.io-index)",
]

[[package]]
name = "num-complex"
version = "0.1.40"
source = "registry+https://github.com/rust-lang/crates.io-index"
dependencies = [
 "num-traits 0.1.40 (registry+https://github.com/rust-lang/crates.io-index)",
 "rustc-serialize 0.3.24 (registry+https://github.com/rust-lang/crates.io-index)",
]

[[package]]
name = "num-integer"
version = "0.1.35"
source = "registry+https://github.com/rust-lang/crates.io-index"
dependencies = [
 "num-traits 0.1.40 (registry+https://github.com/rust-lang/crates.io-index)",
]

[[package]]
name = "num-iter"
version = "0.1.34"
source = "registry+https://github.com/rust-lang/crates.io-index"
dependencies = [
 "num-integer 0.1.35 (registry+https://github.com/rust-lang/crates.io-index)",
 "num-traits 0.1.40 (registry+https://github.com/rust-lang/crates.io-index)",
]

[[package]]
name = "num-rational"
version = "0.1.39"
source = "registry+https://github.com/rust-lang/crates.io-index"
dependencies = [
 "num-bigint 0.1.40 (registry+https://github.com/rust-lang/crates.io-index)",
 "num-integer 0.1.35 (registry+https://github.com/rust-lang/crates.io-index)",
 "num-traits 0.1.40 (registry+https://github.com/rust-lang/crates.io-index)",
 "rustc-serialize 0.3.24 (registry+https://github.com/rust-lang/crates.io-index)",
]

[[package]]
name = "num-traits"
version = "0.1.40"
source = "registry+https://github.com/rust-lang/crates.io-index"

[[package]]
name = "openblas-src"
version = "0.5.4"
source = "registry+https://github.com/rust-lang/crates.io-index"

[[package]]
name = "rand"
version = "0.3.17"
source = "registry+https://github.com/rust-lang/crates.io-index"
dependencies = [
 "fuchsia-zircon 0.2.1 (registry+https://github.com/rust-lang/crates.io-index)",
 "libc 0.2.32 (registry+https://github.com/rust-lang/crates.io-index)",
]

[[package]]
name = "rawpointer"
version = "0.1.0"
source = "registry+https://github.com/rust-lang/crates.io-index"

[[package]]
name = "rustc-serialize"
version = "0.3.24"
source = "registry+https://github.com/rust-lang/crates.io-index"

[metadata]
"checksum bitflags 0.7.0 (registry+https://github.com/rust-lang/crates.io-index)" = "aad18937a628ec6abcd26d1489012cc0e18c21798210f491af69ded9b881106d"
"checksum blas 0.18.1 (registry+https://github.com/rust-lang/crates.io-index)" = "c994113e52889e188a01098afd9b8857a610635581a6171e0c7f8ca6dc05216b"
"checksum blas-sys 0.6.9 (registry+https://github.com/rust-lang/crates.io-index)" = "d8f9828026cdd2441c52d1299842da7baff09d325a98f6e97df527ad8f29a095"
"checksum either 1.3.0 (registry+https://github.com/rust-lang/crates.io-index)" = "e311a7479512fbdf858fb54d91ec59f3b9f85bc0113659f46bba12b199d273ce"
"checksum fuchsia-zircon 0.2.1 (registry+https://github.com/rust-lang/crates.io-index)" = "f6c0581a4e363262e52b87f59ee2afe3415361c6ec35e665924eb08afe8ff159"
"checksum fuchsia-zircon-sys 0.2.0 (registry+https://github.com/rust-lang/crates.io-index)" = "43f3795b4bae048dc6123a6b972cadde2e676f9ded08aef6bb77f5f157684a82"
"checksum itertools 0.7.1 (registry+https://github.com/rust-lang/crates.io-index)" = "7cc0332eecf9269cc5e084ec9993e4d087776733cfb286cd77514030fee2716c"
"checksum libc 0.2.32 (registry+https://github.com/rust-lang/crates.io-index)" = "56cce3130fd040c28df6f495c8492e5ec5808fb4c9093c310df02b0c8f030148"
"checksum matrixmultiply 0.1.13 (registry+https://github.com/rust-lang/crates.io-index)" = "7ce012d2c43046267a74283eaa7e9a51941479901e2b86702be10f27e2779158"
"checksum mersenne_twister 1.1.0 (registry+https://github.com/rust-lang/crates.io-index)" = "53c37a7b59c9c4b899cb52f7f7d92b7459bc62b2e3df1e7f57319a0b4a1eab8c"
"checksum ndarray 0.10.12 (registry+https://github.com/rust-lang/crates.io-index)" = "4081816658dbd5f219dc4ef1ec842496b7dc4987ad8d613c6eb8823a5f532ed8"
"checksum num 0.1.40 (registry+https://github.com/rust-lang/crates.io-index)" = "a311b77ebdc5dd4cf6449d81e4135d9f0e3b153839ac90e648a8ef538f923525"
"checksum num-bigint 0.1.40 (registry+https://github.com/rust-lang/crates.io-index)" = "8fd0f8dbb4c0960998958a796281d88c16fbe68d87b1baa6f31e2979e81fd0bd"
"checksum num-complex 0.1.40 (registry+https://github.com/rust-lang/crates.io-index)" = "503e668405c5492d67cf662a81e05be40efe2e6bcf10f7794a07bd9865e704e6"
"checksum num-integer 0.1.35 (registry+https://github.com/rust-lang/crates.io-index)" = "d1452e8b06e448a07f0e6ebb0bb1d92b8890eea63288c0b627331d53514d0fba"
"checksum num-iter 0.1.34 (registry+https://github.com/rust-lang/crates.io-index)" = "7485fcc84f85b4ecd0ea527b14189281cf27d60e583ae65ebc9c088b13dffe01"
"checksum num-rational 0.1.39 (registry+https://github.com/rust-lang/crates.io-index)" = "288629c76fac4b33556f4b7ab57ba21ae202da65ba8b77466e6d598e31990790"
"checksum num-traits 0.1.40 (registry+https://github.com/rust-lang/crates.io-index)" = "99843c856d68d8b4313b03a17e33c4bb42ae8f6610ea81b28abe076ac721b9b0"
"checksum openblas-src 0.5.4 (registry+https://github.com/rust-lang/crates.io-index)" = "409b425320a6b63c6a0b9fa69bedf27c18038046c2e1df3b3f382b89fd68323e"
"checksum rand 0.3.17 (registry+https://github.com/rust-lang/crates.io-index)" = "61efcbcd9fa8d8fbb07c84e34a8af18a1ff177b449689ad38a6e9457ecc7b2ae"
"checksum rawpointer 0.1.0 (registry+https://github.com/rust-lang/crates.io-index)" = "ebac11a9d2e11f2af219b8b8d833b76b1ea0e054aa0e8d8e9e4cbde353bdf019"
"checksum rustc-serialize 0.3.24 (registry+https://github.com/rust-lang/crates.io-index)" = "dcf128d1287d2ea9d80910b5f1120d0b8eede3fbf1abe91c40d39ea7d51e6fda"
